{
  "name": "d-auto-club-plan",
  "lockfileVersion": 3,
  "requires": true,
  "packages": {
    "": {
      "devDependencies": {
        "ailovecode-workflow": "github:john-ltc/ailovecode-workflow"
      }
    },
    "node_modules/ailovecode-workflow": {
      "version": "1.0.0",
      "resolved": "git+ssh://git@github.com/john-ltc/ailovecode-workflow.git#f01cc670c4b3e896fa34588a6b1ae5ced7aeb98b",
      "dev": true,
      "bin": {
        "ailovecode-workflow": "bin/ailovecode-workflow.js"
      }
    }
  }
}
